
Microsoft Visual Studio Solution File, Format Version 12.00
# Visual Studio Version 17
VisualStudioVersion = 17.4.32916.344
MinimumVisualStudioVersion = 10.0.40219.1
Project("{FAE04EC0-301F-11D3-BF4B-00C04F79EFBC}") = "Entities", "Entities\Entities.csproj", "{F95944D5-8519-43CD-930D-F1571C9C7ED8}"
EndProject
Project("{FAE04EC0-301F-11D3-BF4B-00C04F79EFBC}") = "Business", "Business\Business.csproj", "{C26F2062-44FC-4DB4-9CCB-A86376F3013D}"
EndProject
Project("{FAE04EC0-301F-11D3-BF4B-00C04F79EFBC}") = "WebAPI", "WebAPI\WebAPI.csproj", "{04334B6A-D1FB-4418-AD23-6811F29DA117}"
EndProject
Global
	GlobalSection(SolutionConfigurationPlatforms) = preSolution
		Debug|Any CPU = Debug|Any CPU
		Release|Any CPU = Release|Any CPU
	EndGlobalSection
	GlobalSection(ProjectConfigurationPlatforms) = postSolution
		{F95944D5-8519-43CD-930D-F1571C9C7ED8}.Debug|Any CPU.ActiveCfg = Debug|Any CPU
		{F95944D5-8519-43CD-930D-F1571C9C7ED8}.Debug|Any CPU.Build.0 = Debug|Any CPU
		{F95944D5-8519-43CD-930D-F1571C9C7ED8}.Release|Any CPU.ActiveCfg = Release|Any CPU
		{F95944D5-8519-43CD-930D-F1571C9C7ED8}.Release|Any CPU.Build.0 = Release|Any CPU
		{C26F2062-44FC-4DB4-9CCB-A86376F3013D}.Debug|Any CPU.ActiveCfg = Debug|Any CPU
		{C26F2062-44FC-4DB4-9CCB-A86376F3013D}.Debug|Any CPU.Build.0 = Debug|Any CPU
		{C26F2062-44FC-4DB4-9CCB-A86376F3013D}.Release|Any CPU.ActiveCfg = Release|Any CPU
		{C26F2062-44FC-4DB4-9CCB-A86376F3013D}.Release|Any CPU.Build.0 = Release|Any CPU
		{04334B6A-D1FB-4418-AD23-6811F29DA117}.Debug|Any CPU.ActiveCfg = Debug|Any CPU
		{04334B6A-D1FB-4418-AD23-6811F29DA117}.Debug|Any CPU.Build.0 = Debug|Any CPU
		{04334B6A-D1FB-4418-AD23-6811F29DA117}.Release|Any CPU.ActiveCfg = Release|Any CPU
		{04334B6A-D1FB-4418-AD23-6811F29DA117}.Release|Any CPU.Build.0 = Release|Any CPU
	EndGlobalSection
	GlobalSection(SolutionProperties) = preSolution
		HideSolutionNode = FALSE
	EndGlobalSection
	GlobalSection(ExtensibilityGlobals) = postSolution
		SolutionGuid = {3CD11252-D345-4AF4-BC5D-66B1F40E3641}
	EndGlobalSection
EndGlobal
